
Microsoft Visual Studio Solution File, Format Version 12.00
# Visual Studio Version 16
VisualStudioVersion = 16.0.32802.440
MinimumVisualStudioVersion = 10.0.40219.1
Project("{8BC9CEB8-8B4A-11D0-8D11-00A0C91BC942}") = "Example5.7", "Example5.7.vcxproj", "{E7A83636-BAEE-4270-9EAC-FB0A31B1FC83}"
EndProject
Global
	GlobalSection(SolutionConfigurationPlatforms) = preSolution
		Debug|x64 = Debug|x64
		Debug|x86 = Debug|x86
		Release|x64 = Release|x64
		Release|x86 = Release|x86
	EndGlobalSection
	GlobalSection(ProjectConfigurationPlatforms) = postSolution
		{E7A83636-BAEE-4270-9EAC-FB0A31B1FC83}.Debug|x64.ActiveCfg = Debug|x64
		{E7A83636-BAEE-4270-9EAC-FB0A31B1FC83}.Debug|x64.Build.0 = Debug|x64
		{E7A83636-BAEE-4270-9EAC-FB0A31B1FC83}.Debug|x86.ActiveCfg = Debug|Win32
		{E7A83636-BAEE-4270-9EAC-FB0A31B1FC83}.Debug|x86.Build.0 = Debug|Win32
		{E7A83636-BAEE-4270-9EAC-FB0A31B1FC83}.Release|x64.ActiveCfg = Release|x64
		{E7A83636-BAEE-4270-9EAC-FB0A31B1FC83}.Release|x64.Build.0 = Release|x64
		{E7A83636-BAEE-4270-9EAC-FB0A31B1FC83}.Release|x86.ActiveCfg = Release|Win32
		{E7A83636-BAEE-4270-9EAC-FB0A31B1FC83}.Release|x86.Build.0 = Release|Win32
	EndGlobalSection
	GlobalSection(SolutionProperties) = preSolution
		HideSolutionNode = FALSE
	EndGlobalSection
	GlobalSection(ExtensibilityGlobals) = postSolution
		SolutionGuid = {BB1EACA5-CF7B-4D43-926E-9E1A08CD32C9}
	EndGlobalSection
EndGlobal
